
Microsoft Visual Studio Solution File, Format Version 12.00
# Visual Studio Version 16
VisualStudioVersion = 16.0.29324.140
MinimumVisualStudioVersion = 10.0.40219.1
Project("{FAE04EC0-301F-11D3-BF4B-00C04F79EFBC}") = "DS.CM.UI", "DS.CM.UI\DS.CM.UI.csproj", "{763DD057-48C7-47C3-B503-C75652D489AE}"
EndProject
Project("{FAE04EC0-301F-11D3-BF4B-00C04F79EFBC}") = "DS.CM.LogicaNegocio", "DS.CM.LogicaNegocio\DS.CM.LogicaNegocio.csproj", "{C71A9444-065D-4058-ABBE-6AD0641D325F}"
EndProject
Global
	GlobalSection(SolutionConfigurationPlatforms) = preSolution
		Debug|Any CPU = Debug|Any CPU
		Release|Any CPU = Release|Any CPU
	EndGlobalSection
	GlobalSection(ProjectConfigurationPlatforms) = postSolution
		{763DD057-48C7-47C3-B503-C75652D489AE}.Debug|Any CPU.ActiveCfg = Debug|Any CPU
		{763DD057-48C7-47C3-B503-C75652D489AE}.Debug|Any CPU.Build.0 = Debug|Any CPU
		{763DD057-48C7-47C3-B503-C75652D489AE}.Release|Any CPU.ActiveCfg = Release|Any CPU
		{763DD057-48C7-47C3-B503-C75652D489AE}.Release|Any CPU.Build.0 = Release|Any CPU
		{C71A9444-065D-4058-ABBE-6AD0641D325F}.Debug|Any CPU.ActiveCfg = Debug|Any CPU
		{C71A9444-065D-4058-ABBE-6AD0641D325F}.Debug|Any CPU.Build.0 = Debug|Any CPU
		{C71A9444-065D-4058-ABBE-6AD0641D325F}.Release|Any CPU.ActiveCfg = Release|Any CPU
		{C71A9444-065D-4058-ABBE-6AD0641D325F}.Release|Any CPU.Build.0 = Release|Any CPU
	EndGlobalSection
	GlobalSection(SolutionProperties) = preSolution
		HideSolutionNode = FALSE
	EndGlobalSection
	GlobalSection(ExtensibilityGlobals) = postSolution
		SolutionGuid = {3EE3BD27-ED4C-498D-A8F1-CA2E324AE268}
	EndGlobalSection
EndGlobal
